<?xml version="1.0" encoding="utf-8"?>
<Project ToolsVersion="4.0" xmlns="http://schemas.microsoft.com/developer/msbuild/2003">
  <ItemGroup>
    <ClCompile Include="graphics\graphics.cpp" />
    <ClCompile Include="graphics\vulkan\helper.cpp">
      <Filter>vulkan</Filter>
    </ClCompile>
    <ClCompile Include="graphics\vulkan\engine.cpp">
      <Filter>vulkan</Filter>
    </ClCompile>
    <ClCompile Include="graphics\vulkan\config.cpp">
      <Filter>vulkan</Filter>
    </ClCompile>
  </ItemGroup>
  <ItemGroup>
    <ClInclude Include="graphics\graphics.h" />
    <ClInclude Include="graphics\vulkan\helper.h">
      <Filter>vulkan</Filter>
    </ClInclude>
    <ClInclude Include="graphics\vulkan\engine.h">
      <Filter>vulkan</Filter>
    </ClInclude>
    <ClInclude Include="graphics\vulkan\config.h">
      <Filter>vulkan</Filter>
    </ClInclude>
  </ItemGroup>
  <ItemGroup>
    <Filter Include="vulkan">
      <UniqueIdentifier>{8e9ace50-a9d6-4101-9c90-f631c93e066f}</UniqueIdentifier>
    </Filter>
  </ItemGroup>
</Project>