<?xml version="1.0" encoding="utf-8"?>
<Project ToolsVersion="4.0" xmlns="http://schemas.microsoft.com/developer/msbuild/2003">
  <ItemGroup>
    <ClCompile Include="server\frame.cpp" />
    <ClCompile Include="server\frame_win.cpp" />
    <ClCompile Include="server\main.cpp" />
    <ClCompile Include="server\server.cpp" />
    <ClCompile Include="server\pch.cpp">
      <Filter>pch</Filter>
    </ClCompile>
  </ItemGroup>
  <ItemGroup>
    <ClInclude Include="server\frame.h" />
    <ClInclude Include="server\server.h" />
    <ClInclude Include="server\pch.h">
      <Filter>pch</Filter>
    </ClInclude>
  </ItemGroup>
  <ItemGroup>
    <Filter Include="pch">
      <UniqueIdentifier>{9af7502b-4cb2-491e-9765-e326844f6794}</UniqueIdentifier>
    </Filter>
  </ItemGroup>
</Project>