<?xml version="1.0" encoding="utf-8"?>
<Project ToolsVersion="4.0" xmlns="http://schemas.microsoft.com/developer/msbuild/2003">
  <ItemGroup>
    <ClCompile Include="$(MSBuildThisFileDirectory)main.cpp" />
    <ClCompile Include="$(MSBuildThisFileDirectory)project_entry.cpp" />
    <ClCompile Include="$(MSBuildThisFileDirectory)pch.cpp">
      <Filter>pch</Filter>
    </ClCompile>
  </ItemGroup>
  <ItemGroup>
    <Filter Include="pch">
      <UniqueIdentifier>{4645d4b6-a533-4d4f-a207-8d6ef01e6130}</UniqueIdentifier>
    </Filter>
  </ItemGroup>
  <ItemGroup>
    <ClInclude Include="$(MSBuildThisFileDirectory)pch.h">
      <Filter>pch</Filter>
    </ClInclude>
    <ClInclude Include="$(MSBuildThisFileDirectory)project_entry.h" />
  </ItemGroup>
</Project>
